Microsoft Visual Studio Solution File, Format Version 12.00
# Visual Studio Version 16
VisualStudioVersion = 16.0.29519.87
MinimumVisualStudioVersion = 10.0.40219.1
Project("{FAE04EC0-301F-11D3-BF4B-00C04F79EFBC}") = "MyClock.Android", "MyClock.Android\MyClock.Android.csproj", "{9831DAD4-02B0-4679-90CC-58A6CCBE1E89}"
EndProject
Project("{FAE04EC0-301F-11D3-BF4B-00C04F79EFBC}") = "MyClock.iOS", "MyClock.iOS\MyClock.iOS.csproj", "{FA928326-E2D6-4243-9000-43B1BE7241EC}"
EndProject
Project("{9A19103F-16F7-4668-BE54-9A1E7A4F7556}") = "MyClock", "MyClock\MyClock.csproj", "{B50A32C3-64D0-4258-9971-D159E9F0D02B}"
EndProject
Project("{FAE04EC0-301F-11D3-BF4B-00C04F79EFBC}") = "MyClock.UWP", "MyClock.UWP\MyClock.UWP.csproj", "{AEED71CD-4707-40ED-9AC1-0E0D236817DE}"
EndProject
Global
	GlobalSection(SolutionConfigurationPlatforms) = preSolution
		Debug|Any CPU = Debug|Any CPU
		Debug|ARM = Debug|ARM
		Debug|ARM64 = Debug|ARM64
		Debug|iPhone = Debug|iPhone
		Debug|iPhoneSimulator = Debug|iPhoneSimulator
		Debug|x64 = Debug|x64
		Debug|x86 = Debug|x86
		Release|Any CPU = Release|Any CPU
		Release|ARM = Release|ARM
		Release|ARM64 = Release|ARM64
		Release|iPhone = Release|iPhone
		Release|iPhoneSimulator = Release|iPhoneSimulator
		Release|x64 = Release|x64
		Release|x86 = Release|x86
	EndGlobalSection
	GlobalSection(ProjectConfigurationPlatforms) = postSolution
		{9831DAD4-02B0-4679-90CC-58A6CCBE1E89}.Debug|Any CPU.ActiveCfg = Debug|Any CPU
		{9831DAD4-02B0-4679-90CC-58A6CCBE1E89}.Debug|Any CPU.Build.0 = Debug|Any CPU
		{9831DAD4-02B0-4679-90CC-58A6CCBE1E89}.Debug|ARM.ActiveCfg = Debug|Any CPU
		{9831DAD4-02B0-4679-90CC-58A6CCBE1E89}.Debug|ARM.Build.0 = Debug|Any CPU
		{9831DAD4-02B0-4679-90CC-58A6CCBE1E89}.Debug|ARM.Deploy.0 = Debug|Any CPU
		{9831DAD4-02B0-4679-90CC-58A6CCBE1E89}.Debug|ARM64.ActiveCfg = Debug|Any CPU
		{9831DAD4-02B0-4679-90CC-58A6CCBE1E89}.Debug|ARM64.Build.0 = Debug|Any CPU
		{9831DAD4-02B0-4679-90CC-58A6CCBE1E89}.Debug|ARM64.Deploy.0 = Debug|Any CPU
		{9831DAD4-02B0-4679-90CC-58A6CCBE1E89}.Debug|iPhone.ActiveCfg = Debug|Any CPU
		{9831DAD4-02B0-4679-90CC-58A6CCBE1E89}.Debug|iPhone.Build.0 = Debug|Any CPU
		{9831DAD4-02B0-4679-90CC-58A6CCBE1E89}.Debug|iPhoneSimulator.ActiveCfg = Debug|Any CPU
		{9831DAD4-02B0-4679-90CC-58A6CCBE1E89}.Debug|iPhoneSimulator.Build.0 = Debug|Any CPU
		{9831DAD4-02B0-4679-90CC-58A6CCBE1E89}.Debug|x64.ActiveCfg = Debug|Any CPU
		{9831DAD4-02B0-4679-90CC-58A6CCBE1E89}.Debug|x64.Build.0 = Debug|Any CPU
		{9831DAD4-02B0-4679-90CC-58A6CCBE1E89}.Debug|x64.Deploy.0 = Debug|Any CPU
		{9831DAD4-02B0-4679-90CC-58A6CCBE1E89}.Debug|x86.ActiveCfg = Debug|Any CPU
		{9831DAD4-02B0-4679-90CC-58A6CCBE1E89}.Debug|x86.Build.0 = Debug|Any CPU
		{9831DAD4-02B0-4679-90CC-58A6CCBE1E89}.Debug|x86.Deploy.0 = Debug|Any CPU
		{9831DAD4-02B0-4679-90CC-58A6CCBE1E89}.Release|Any CPU.ActiveCfg = Release|Any CPU
		{9831DAD4-02B0-4679-90CC-58A6CCBE1E89}.Release|Any CPU.Build.0 = Release|Any CPU
		{9831DAD4-02B0-4679-90CC-58A6CCBE1E89}.Release|ARM.ActiveCfg = Release|Any CPU
		{9831DAD4-02B0-4679-90CC-58A6CCBE1E89}.Release|ARM.Build.0 = Release|Any CPU
		{9831DAD4-02B0-4679-90CC-58A6CCBE1E89}.Release|ARM.Deploy.0 = Release|Any CPU
		{9831DAD4-02B0-4679-90CC-58A6CCBE1E89}.Release|ARM64.ActiveCfg = Release|Any CPU
		{9831DAD4-02B0-4679-90CC-58A6CCBE1E89}.Release|ARM64.Build.0 = Release|Any CPU
		{9831DAD4-02B0-4679-90CC-58A6CCBE1E89}.Release|ARM64.Deploy.0 = Release|Any CPU
		{9831DAD4-02B0-4679-90CC-58A6CCBE1E89}.Release|iPhone.ActiveCfg = Release|Any CPU
		{9831DAD4-02B0-4679-90CC-58A6CCBE1E89}.Release|iPhone.Build.0 = Release|Any CPU
		{9831DAD4-02B0-4679-90CC-58A6CCBE1E89}.Release|iPhoneSimulator.ActiveCfg = Release|Any CPU
		{9831DAD4-02B0-4679-90CC-58A6CCBE1E89}.Release|iPhoneSimulator.Build.0 = Release|Any CPU
		{9831DAD4-02B0-4679-90CC-58A6CCBE1E89}.Release|x64.ActiveCfg = Release|Any CPU
		{9831DAD4-02B0-4679-90CC-58A6CCBE1E89}.Release|x64.Build.0 = Release|Any CPU
		{9831DAD4-02B0-4679-90CC-58A6CCBE1E89}.Release|x64.Deploy.0 = Release|Any CPU
		{9831DAD4-02B0-4679-90CC-58A6CCBE1E89}.Release|x86.ActiveCfg = Release|Any CPU
		{9831DAD4-02B0-4679-90CC-58A6CCBE1E89}.Release|x86.Build.0 = Release|Any CPU
		{9831DAD4-02B0-4679-90CC-58A6CCBE1E89}.Release|x86.Deploy.0 = Release|Any CPU
		{FA928326-E2D6-4243-9000-43B1BE7241EC}.Debug|Any CPU.ActiveCfg = Debug|iPhoneSimulator
		{FA928326-E2D6-4243-9000-43B1BE7241EC}.Debug|Any CPU.Build.0 = Debug|iPhoneSimulator
		{FA928326-E2D6-4243-9000-43B1BE7241EC}.Debug|ARM.ActiveCfg = Debug|iPhone
		{FA928326-E2D6-4243-9000-43B1BE7241EC}.Debug|ARM64.ActiveCfg = Debug|iPhone
		{FA928326-E2D6-4243-9000-43B1BE7241EC}.Debug|iPhone.ActiveCfg = Debug|iPhone
		{FA928326-E2D6-4243-9000-43B1BE7241EC}.Debug|iPhone.Build.0 = Debug|iPhone
		{FA928326-E2D6-4243-9000-43B1BE7241EC}.Debug|iPhoneSimulator.ActiveCfg = Debug|iPhoneSimulator
		{FA928326-E2D6-4243-9000-43B1BE7241EC}.Debug|iPhoneSimulator.Build.0 = Debug|iPhoneSimulator
		{FA928326-E2D6-4243-9000-43B1BE7241EC}.Debug|x64.ActiveCfg = Debug|iPhone
		{FA928326-E2D6-4243-9000-43B1BE7241EC}.Debug|x86.ActiveCfg = Debug|iPhone
		{FA928326-E2D6-4243-9000-43B1BE7241EC}.Release|Any CPU.ActiveCfg = Release|iPhoneSimulator
		{FA928326-E2D6-4243-9000-43B1BE7241EC}.Release|Any CPU.Build.0 = Release|iPhoneSimulator
		{FA928326-E2D6-4243-9000-43B1BE7241EC}.Release|ARM.ActiveCfg = Release|iPhone
		{FA928326-E2D6-4243-9000-43B1BE7241EC}.Release|ARM64.ActiveCfg = Release|iPhone
		{FA928326-E2D6-4243-9000-43B1BE7241EC}.Release|iPhone.ActiveCfg = Release|iPhone
		{FA928326-E2D6-4243-9000-43B1BE7241EC}.Release|iPhone.Build.0 = Release|iPhone
		{FA928326-E2D6-4243-9000-43B1BE7241EC}.Release|iPhoneSimulator.ActiveCfg = Release|iPhoneSimulator
		{FA928326-E2D6-4243-9000-43B1BE7241EC}.Release|iPhoneSimulator.Build.0 = Release|iPhoneSimulator
		{FA928326-E2D6-4243-9000-43B1BE7241EC}.Release|x64.ActiveCfg = Release|iPhone
		{FA928326-E2D6-4243-9000-43B1BE7241EC}.Release|x86.ActiveCfg = Release|iPhone
		{B50A32C3-64D0-4258-9971-D159E9F0D02B}.Debug|Any CPU.ActiveCfg = Debug|Any CPU
		{B50A32C3-64D0-4258-9971-D159E9F0D02B}.Debug|Any CPU.Build.0 = Debug|Any CPU
		{B50A32C3-64D0-4258-9971-D159E9F0D02B}.Debug|ARM.ActiveCfg = Debug|Any CPU
		{B50A32C3-64D0-4258-9971-D159E9F0D02B}.Debug|ARM.Build.0 = Debug|Any CPU
		{B50A32C3-64D0-4258-9971-D159E9F0D02B}.Debug|ARM64.ActiveCfg = Debug|Any CPU
		{B50A32C3-64D0-4258-9971-D159E9F0D02B}.Debug|ARM64.Build.0 = Debug|Any CPU
		{B50A32C3-64D0-4258-9971-D159E9F0D02B}.Debug|iPhone.ActiveCfg = Debug|Any CPU
		{B50A32C3-64D0-4258-9971-D159E9F0D02B}.Debug|iPhone.Build.0 = Debug|Any CPU
		{B50A32C3-64D0-4258-9971-D159E9F0D02B}.Debug|iPhoneSimulator.ActiveCfg = Debug|Any CPU
		{B50A32C3-64D0-4258-9971-D159E9F0D02B}.Debug|iPhoneSimulator.Build.0 = Debug|Any CPU
		{B50A32C3-64D0-4258-9971-D159E9F0D02B}.Debug|x64.ActiveCfg = Debug|Any CPU
		{B50A32C3-64D0-4258-9971-D159E9F0D02B}.Debug|x64.Build.0 = Debug|Any CPU
		{B50A32C3-64D0-4258-9971-D159E9F0D02B}.Debug|x86.ActiveCfg = Debug|Any CPU
		{B50A32C3-64D0-4258-9971-D159E9F0D02B}.Debug|x86.Build.0 = Debug|Any CPU
		{B50A32C3-64D0-4258-9971-D159E9F0D02B}.Release|Any CPU.ActiveCfg = Release|Any CPU
		{B50A32C3-64D0-4258-9971-D159E9F0D02B}.Release|Any CPU.Build.0 = Release|Any CPU
		{B50A32C3-64D0-4258-9971-D159E9F0D02B}.Release|ARM.ActiveCfg = Release|Any CPU
		{B50A32C3-64D0-4258-9971-D159E9F0D02B}.Release|ARM.Build.0 = Release|Any CPU
		{B50A32C3-64D0-4258-9971-D159E9F0D02B}.Release|ARM64.ActiveCfg = Release|Any CPU
		{B50A32C3-64D0-4258-9971-D159E9F0D02B}.Release|ARM64.Build.0 = Release|Any CPU
		{B50A32C3-64D0-4258-9971-D159E9F0D02B}.Release|iPhone.ActiveCfg = Release|Any CPU
		{B50A32C3-64D0-4258-9971-D159E9F0D02B}.Release|iPhone.Build.0 = Release|Any CPU
		{B50A32C3-64D0-4258-9971-D159E9F0D02B}.Release|iPhoneSimulator.ActiveCfg = Release|Any CPU
		{B50A32C3-64D0-4258-9971-D159E9F0D02B}.Release|iPhoneSimulator.Build.0 = Release|Any CPU
		{B50A32C3-64D0-4258-9971-D159E9F0D02B}.Release|x64.ActiveCfg = Release|Any CPU
		{B50A32C3-64D0-4258-9971-D159E9F0D02B}.Release|x64.Build.0 = Release|Any CPU
		{B50A32C3-64D0-4258-9971-D159E9F0D02B}.Release|x86.ActiveCfg = Release|Any CPU
		{B50A32C3-64D0-4258-9971-D159E9F0D02B}.Release|x86.Build.0 = Release|Any CPU
		{AEED71CD-4707-40ED-9AC1-0E0D236817DE}.Debug|Any CPU.ActiveCfg = Debug|x86
		{AEED71CD-4707-40ED-9AC1-0E0D236817DE}.Debug|ARM.ActiveCfg = Debug|ARM
		{AEED71CD-4707-40ED-9AC1-0E0D236817DE}.Debug|ARM.Build.0 = Debug|ARM
		{AEED71CD-4707-40ED-9AC1-0E0D236817DE}.Debug|ARM.Deploy.0 = Debug|ARM
		{AEED71CD-4707-40ED-9AC1-0E0D236817DE}.Debug|ARM64.ActiveCfg = Debug|ARM64
		{AEED71CD-4707-40ED-9AC1-0E0D236817DE}.Debug|ARM64.Build.0 = Debug|ARM64
		{AEED71CD-4707-40ED-9AC1-0E0D236817DE}.Debug|ARM64.Deploy.0 = Debug|ARM64
		{AEED71CD-4707-40ED-9AC1-0E0D236817DE}.Debug|iPhone.ActiveCfg = Debug|x86
		{AEED71CD-4707-40ED-9AC1-0E0D236817DE}.Debug|iPhoneSimulator.ActiveCfg = Debug|x86
		{AEED71CD-4707-40ED-9AC1-0E0D236817DE}.Debug|x64.ActiveCfg = Debug|x64
		{AEED71CD-4707-40ED-9AC1-0E0D236817DE}.Debug|x64.Build.0 = Debug|x64
		{AEED71CD-4707-40ED-9AC1-0E0D236817DE}.Debug|x64.Deploy.0 = Debug|x64
		{AEED71CD-4707-40ED-9AC1-0E0D236817DE}.Debug|x86.ActiveCfg = Debug|x86
		{AEED71CD-4707-40ED-9AC1-0E0D236817DE}.Debug|x86.Build.0 = Debug|x86
		{AEED71CD-4707-40ED-9AC1-0E0D236817DE}.Debug|x86.Deploy.0 = Debug|x86
		{AEED71CD-4707-40ED-9AC1-0E0D236817DE}.Release|Any CPU.ActiveCfg = Release|x86
		{AEED71CD-4707-40ED-9AC1-0E0D236817DE}.Release|ARM.ActiveCfg = Release|ARM
		{AEED71CD-4707-40ED-9AC1-0E0D236817DE}.Release|ARM.Build.0 = Release|ARM
		{AEED71CD-4707-40ED-9AC1-0E0D236817DE}.Release|ARM.Deploy.0 = Release|ARM
		{AEED71CD-4707-40ED-9AC1-0E0D236817DE}.Release|ARM64.ActiveCfg = Release|ARM64
		{AEED71CD-4707-40ED-9AC1-0E0D236817DE}.Release|ARM64.Build.0 = Release|ARM64
		{AEED71CD-4707-40ED-9AC1-0E0D236817DE}.Release|ARM64.Deploy.0 = Release|ARM64
		{AEED71CD-4707-40ED-9AC1-0E0D236817DE}.Release|iPhone.ActiveCfg = Release|x86
		{AEED71CD-4707-40ED-9AC1-0E0D236817DE}.Release|iPhoneSimulator.ActiveCfg = Release|x86
		{AEED71CD-4707-40ED-9AC1-0E0D236817DE}.Release|x64.ActiveCfg = Release|x64
		{AEED71CD-4707-40ED-9AC1-0E0D236817DE}.Release|x64.Build.0 = Release|x64
		{AEED71CD-4707-40ED-9AC1-0E0D236817DE}.Release|x64.Deploy.0 = Release|x64
		{AEED71CD-4707-40ED-9AC1-0E0D236817DE}.Release|x86.ActiveCfg = Release|x86
		{AEED71CD-4707-40ED-9AC1-0E0D236817DE}.Release|x86.Build.0 = Release|x86
		{AEED71CD-4707-40ED-9AC1-0E0D236817DE}.Release|x86.Deploy.0 = Release|x86
	EndGlobalSection
	GlobalSection(SolutionProperties) = preSolution
		HideSolutionNode = FALSE
	EndGlobalSection
	GlobalSection(ExtensibilityGlobals) = postSolution
		SolutionGuid = {91E1AA54-0C1F-4173-8BC5-1D5FEE47298E}
	EndGlobalSection
EndGlobal
